
Microsoft Visual Studio Solution File, Format Version 12.00
# Visual Studio Version 17
VisualStudioVersion = 17.14.37411.7
MinimumVisualStudioVersion = 10.0.40219.1
Project("{FAE04EC0-301F-11D3-BF4B-00C04F79EFBC}") = "schooltest#2", "schooltest#2.csproj", "{32392BE4-D737-4858-AE60-75C6B9FB7E4E}"
EndProject
Project("{2150E333-8FDC-42A3-9474-1A3956D46DE8}") = "Solution Items", "Solution Items", "{8EC462FD-D22E-90A8-E5CE-7E832BA40C5D}"
	ProjectSection(SolutionItems) = preProject
		clas.txt = clas.txt
	EndProjectSection
EndProject
Global
	GlobalSection(SolutionConfigurationPlatforms) = preSolution
		Debug|Any CPU = Debug|Any CPU
		Release|Any CPU = Release|Any CPU
	EndGlobalSection
	GlobalSection(ProjectConfigurationPlatforms) = postSolution
		{32392BE4-D737-4858-AE60-75C6B9FB7E4E}.Debug|Any CPU.ActiveCfg = Debug|Any CPU
		{32392BE4-D737-4858-AE60-75C6B9FB7E4E}.Debug|Any CPU.Build.0 = Debug|Any CPU
		{32392BE4-D737-4858-AE60-75C6B9FB7E4E}.Release|Any CPU.ActiveCfg = Release|Any CPU
		{32392BE4-D737-4858-AE60-75C6B9FB7E4E}.Release|Any CPU.Build.0 = Release|Any CPU
	EndGlobalSection
	GlobalSection(SolutionProperties) = preSolution
		HideSolutionNode = FALSE
	EndGlobalSection
	GlobalSection(ExtensibilityGlobals) = postSolution
		SolutionGuid = {F93CF8EF-4778-4888-8FBC-02BD1D417DC0}
	EndGlobalSection
EndGlobal
